// !$*UTF8*$!
{
	archiveVersion = 1;
	classes = {
	};
	objectVersion = 46;
	objects = {

/* Begin PBXBuildFile section */
		774E03FE17CE10E40070C096 /* UIKit.framework in Frameworks */ = {isa = PBXBuildFile; fileRef = 774E03FD17CE10E40070C096 /* UIKit.framework */; };
		774E040017CE10E40070C096 /* Foundation.framework in Frameworks */ = {isa = PBXBuildFile; fileRef = 774E03FF17CE10E40070C096 /* Foundation.framework */; };
		774E040217CE10E40070C096 /* CoreGraphics.framework in Frameworks */ = {isa = PBXBuildFile; fileRef = 774E040117CE10E40070C096 /* CoreGraphics.framework */; };
		774E040817CE10E40070C096 /* InfoPlist.strings in Resources */ = {isa = PBXBuildFile; fileRef = 774E040617CE10E40070C096 /* InfoPlist.strings */; };
		774E040A17CE10E40070C096 /* main.m in Sources */ = {isa = PBXBuildFile; fileRef = 774E040917CE10E40070C096 /* main.m */; };
		774E040E17CE10E40070C096 /* AppDelegate.m in Sources */ = {isa = PBXBuildFile; fileRef = 774E040D17CE10E40070C096 /* AppDelegate.m */; };
		774E041017CE10E40070C096 /* Default.png in Resources */ = {isa = PBXBuildFile; fileRef = 774E040F17CE10E40070C096 /* Default.png */; };
		774E041217CE10E40070C096 /* Default@2x.png in Resources */ = {isa = PBXBuildFile; fileRef = 774E041117CE10E40070C096 /* Default@2x.png */; };
		774E041417CE10E40070C096 /* Default-568h@2x.png in Resources */ = {isa = PBXBuildFile; fileRef = 774E041317CE10E40070C096 /* Default-568h@2x.png */; };
		774E041717CE10E40070C096 /* MainStoryboard.storyboard in Resources */ = {isa = PBXBuildFile; fileRef = 774E041517CE10E40070C096 /* MainStoryboard.storyboard */; };
		774E041A17CE10E40070C096 /* ViewController.m in Sources */ = {isa = PBXBuildFile; fileRef = 774E041917CE10E40070C096 /* ViewController.m */; };
		774E042117CE2D230070C096 /* CoreLocation.framework in Frameworks */ = {isa = PBXBuildFile; fileRef = 774E042017CE2D230070C096 /* CoreLocation.framework */; };
		77796CA517DCA0F0007A1D6B /* forecastClass.m in Sources */ = {isa = PBXBuildFile; fileRef = 77796CA417DCA0F0007A1D6B /* forecastClass.m */; };
		77796CD217DCC295007A1D6B /* __2_cloudy.gif in Resources */ = {isa = PBXBuildFile; fileRef = 77796CAB17DCC295007A1D6B /* __2_cloudy.gif */; };
		77796CD317DCC295007A1D6B /* __5_rain.gif in Resources */ = {isa = PBXBuildFile; fileRef = 77796CAC17DCC295007A1D6B /* __5_rain.gif */; };
		77796CD417DCC295007A1D6B /* __4_short_rain.gif in Resources */ = {isa = PBXBuildFile; fileRef = 77796CAD17DCC295007A1D6B /* __4_short_rain.gif */; };
		77796CD817DCC295007A1D6B /* __7_hail.gif in Resources */ = {isa = PBXBuildFile; fileRef = 77796CB117DCC295007A1D6B /* __7_hail.gif */; };
		77796CDE17DCC295007A1D6B /* __1_moon_cl.gif in Resources */ = {isa = PBXBuildFile; fileRef = 77796CB717DCC295007A1D6B /* __1_moon_cl.gif */; };
		77796CDF17DCC295007A1D6B /* __1_sun_cl.gif in Resources */ = {isa = PBXBuildFile; fileRef = 77796CB817DCC295007A1D6B /* __1_sun_cl.gif */; };
		77796CE017DCC295007A1D6B /* __0_moon.gif in Resources */ = {isa = PBXBuildFile; fileRef = 77796CB917DCC295007A1D6B /* __0_moon.gif */; };
		77796CE117DCC295007A1D6B /* __255_NA.gif in Resources */ = {isa = PBXBuildFile; fileRef = 77796CBA17DCC295007A1D6B /* __255_NA.gif */; };
		77796CE817DCC295007A1D6B /* __8_rain_swon.gif in Resources */ = {isa = PBXBuildFile; fileRef = 77796CC117DCC295007A1D6B /* __8_rain_swon.gif */; };
		77796CED17DCC295007A1D6B /* __9_snow.gif in Resources */ = {isa = PBXBuildFile; fileRef = 77796CC617DCC295007A1D6B /* __9_snow.gif */; };
		77796CEE17DCC295007A1D6B /* __10_heavy_snow.gif in Resources */ = {isa = PBXBuildFile; fileRef = 77796CC717DCC295007A1D6B /* __10_heavy_snow.gif */; };
		77796CEF17DCC295007A1D6B /* __0_sun.gif in Resources */ = {isa = PBXBuildFile; fileRef = 77796CC817DCC295007A1D6B /* __0_sun.gif */; };
		77796CF017DCC295007A1D6B /* __6_lightning.gif in Resources */ = {isa = PBXBuildFile; fileRef = 77796CC917DCC295007A1D6B /* __6_lightning.gif */; };
		779090DF17CFC6FD00F29C50 /* QuartzCore.framework in Frameworks */ = {isa = PBXBuildFile; fileRef = 779090DE17CFC6FD00F29C50 /* QuartzCore.framework */; };
		779090E217CFE23100F29C50 /* XMLElement.m in Sources */ = {isa = PBXBuildFile; fileRef = 779090E117CFE23100F29C50 /* XMLElement.m */; };
/* End PBXBuildFile section */

/* Begin PBXFileReference section */
		774E03FA17CE10E40070C096 /* Network1.app */ = {isa = PBXFileReference; explicitFileType = wrapper.application; includeInIndex = 0; path = Network1.app; sourceTree = BUILT_PRODUCTS_DIR; };
		774E03FD17CE10E40070C096 /* UIKit.framework */ = {isa = PBXFileReference; lastKnownFileType = wrapper.framework; name = UIKit.framework; path = System/Library/Frameworks/UIKit.framework; sourceTree = SDKROOT; };
		774E03FF17CE10E40070C096 /* Foundation.framework */ = {isa = PBXFileReference; lastKnownFileType = wrapper.framework; name = Foundation.framework; path = System/Library/Frameworks/Foundation.framework; sourceTree = SDKROOT; };
		774E040117CE10E40070C096 /* CoreGraphics.framework */ = {isa = PBXFileReference; lastKnownFileType = wrapper.framework; name = CoreGraphics.framework; path = System/Library/Frameworks/CoreGraphics.framework; sourceTree = SDKROOT; };
		774E040517CE10E40070C096 /* Network1-Info.plist */ = {isa = PBXFileReference; lastKnownFileType = text.plist.xml; path = "Network1-Info.plist"; sourceTree = "<group>"; };
		774E040717CE10E40070C096 /* en */ = {isa = PBXFileReference; lastKnownFileType = text.plist.strings; name = en; path = en.lproj/InfoPlist.strings; sourceTree = "<group>"; };
		774E040917CE10E40070C096 /* main.m */ = {isa = PBXFileReference; lastKnownFileType = sourcecode.c.objc; path = main.m; sourceTree = "<group>"; };
		774E040B17CE10E40070C096 /* Network1-Prefix.pch */ = {isa = PBXFileReference; lastKnownFileType = sourcecode.c.h; path = "Network1-Prefix.pch"; sourceTree = "<group>"; };
		774E040C17CE10E40070C096 /* AppDelegate.h */ = {isa = PBXFileReference; lastKnownFileType = sourcecode.c.h; path = AppDelegate.h; sourceTree = "<group>"; };
		774E040D17CE10E40070C096 /* AppDelegate.m */ = {isa = PBXFileReference; lastKnownFileType = sourcecode.c.objc; path = AppDelegate.m; sourceTree = "<group>"; };
		774E040F17CE10E40070C096 /* Default.png */ = {isa = PBXFileReference; lastKnownFileType = image.png; path = Default.png; sourceTree = "<group>"; };
		774E041117CE10E40070C096 /* Default@2x.png */ = {isa = PBXFileReference; lastKnownFileType = image.png; path = "Default@2x.png"; sourceTree = "<group>"; };
		774E041317CE10E40070C096 /* Default-568h@2x.png */ = {isa = PBXFileReference; lastKnownFileType = image.png; path = "Default-568h@2x.png"; sourceTree = "<group>"; };
		774E041617CE10E40070C096 /* en */ = {isa = PBXFileReference; lastKnownFileType = file.storyboard; name = en; path = en.lproj/MainStoryboard.storyboard; sourceTree = "<group>"; };
		774E041817CE10E40070C096 /* ViewController.h */ = {isa = PBXFileReference; lastKnownFileType = sourcecode.c.h; path = ViewController.h; sourceTree = "<group>"; };
		774E041917CE10E40070C096 /* ViewController.m */ = {isa = PBXFileReference; lastKnownFileType = sourcecode.c.objc; path = ViewController.m; sourceTree = "<group>"; };
		774E042017CE2D230070C096 /* CoreLocation.framework */ = {isa = PBXFileReference; lastKnownFileType = wrapper.framework; name = CoreLocation.framework; path = System/Library/Frameworks/CoreLocation.framework; sourceTree = SDKROOT; };
		77796CA317DCA0F0007A1D6B /* forecastClass.h */ = {isa = PBXFileReference; fileEncoding = 4; lastKnownFileType = sourcecode.c.h; path = forecastClass.h; sourceTree = "<group>"; };
		77796CA417DCA0F0007A1D6B /* forecastClass.m */ = {isa = PBXFileReference; fileEncoding = 4; lastKnownFileType = sourcecode.c.objc; path = forecastClass.m; sourceTree = "<group>"; };
		77796CAB17DCC295007A1D6B /* __2_cloudy.gif */ = {isa = PBXFileReference; lastKnownFileType = image.gif; path = __2_cloudy.gif; sourceTree = "<group>"; };
		77796CAC17DCC295007A1D6B /* __5_rain.gif */ = {isa = PBXFileReference; lastKnownFileType = image.gif; path = __5_rain.gif; sourceTree = "<group>"; };
		77796CAD17DCC295007A1D6B /* __4_short_rain.gif */ = {isa = PBXFileReference; lastKnownFileType = image.gif; path = __4_short_rain.gif; sourceTree = "<group>"; };
		77796CB117DCC295007A1D6B /* __7_hail.gif */ = {isa = PBXFileReference; lastKnownFileType = image.gif; path = __7_hail.gif; sourceTree = "<group>"; };
		77796CB717DCC295007A1D6B /* __1_moon_cl.gif */ = {isa = PBXFileReference; lastKnownFileType = image.gif; path = __1_moon_cl.gif; sourceTree = "<group>"; };
		77796CB817DCC295007A1D6B /* __1_sun_cl.gif */ = {isa = PBXFileReference; lastKnownFileType = image.gif; path = __1_sun_cl.gif; sourceTree = "<group>"; };
		77796CB917DCC295007A1D6B /* __0_moon.gif */ = {isa = PBXFileReference; lastKnownFileType = image.gif; path = __0_moon.gif; sourceTree = "<group>"; };
		77796CBA17DCC295007A1D6B /* __255_NA.gif */ = {isa = PBXFileReference; lastKnownFileType = image.gif; path = __255_NA.gif; sourceTree = "<group>"; };
		77796CC117DCC295007A1D6B /* __8_rain_swon.gif */ = {isa = PBXFileReference; lastKnownFileType = image.gif; path = __8_rain_swon.gif; sourceTree = "<group>"; };
		77796CC617DCC295007A1D6B /* __9_snow.gif */ = {isa = PBXFileReference; lastKnownFileType = image.gif; path = __9_snow.gif; sourceTree = "<group>"; };
		77796CC717DCC295007A1D6B /* __10_heavy_snow.gif */ = {isa = PBXFileReference; lastKnownFileType = image.gif; path = __10_heavy_snow.gif; sourceTree = "<group>"; };
		77796CC817DCC295007A1D6B /* __0_sun.gif */ = {isa = PBXFileReference; lastKnownFileType = image.gif; path = __0_sun.gif; sourceTree = "<group>"; };
		77796CC917DCC295007A1D6B /* __6_lightning.gif */ = {isa = PBXFileReference; lastKnownFileType = image.gif; path = __6_lightning.gif; sourceTree = "<group>"; };
		779090DE17CFC6FD00F29C50 /* QuartzCore.framework */ = {isa = PBXFileReference; lastKnownFileType = wrapper.framework; name = QuartzCore.framework; path = System/Library/Frameworks/QuartzCore.framework; sourceTree = SDKROOT; };
		779090E017CFE23100F29C50 /* XMLElement.h */ = {isa = PBXFileReference; fileEncoding = 4; lastKnownFileType = sourcecode.c.h; path = XMLElement.h; sourceTree = "<group>"; };
		779090E117CFE23100F29C50 /* XMLElement.m */ = {isa = PBXFileReference; fileEncoding = 4; lastKnownFileType = sourcecode.c.objc; path = XMLElement.m; sourceTree = "<group>"; };
/* End PBXFileReference section */

/* Begin PBXFrameworksBuildPhase section */
		774E03F717CE10E40070C096 /* Frameworks */ = {
			isa = PBXFrameworksBuildPhase;
			buildActionMask = 2147483647;
			files = (
				779090DF17CFC6FD00F29C50 /* QuartzCore.framework in Frameworks */,
				774E042117CE2D230070C096 /* CoreLocation.framework in Frameworks */,
				774E03FE17CE10E40070C096 /* UIKit.framework in Frameworks */,
				774E040017CE10E40070C096 /* Foundation.framework in Frameworks */,
				774E040217CE10E40070C096 /* CoreGraphics.framework in Frameworks */,
			);
			runOnlyForDeploymentPostprocessing = 0;
		};
/* End PBXFrameworksBuildPhase section */

/* Begin PBXGroup section */
		774E03F117CE10E40070C096 = {
			isa = PBXGroup;
			children = (
				774E040317CE10E40070C096 /* Network1 */,
				774E03FC17CE10E40070C096 /* Frameworks */,
				774E03FB17CE10E40070C096 /* Products */,
			);
			sourceTree = "<group>";
		};
		774E03FB17CE10E40070C096 /* Products */ = {
			isa = PBXGroup;
			children = (
				774E03FA17CE10E40070C096 /* Network1.app */,
			);
			name = Products;
			sourceTree = "<group>";
		};
		774E03FC17CE10E40070C096 /* Frameworks */ = {
			isa = PBXGroup;
			children = (
				779090DE17CFC6FD00F29C50 /* QuartzCore.framework */,
				774E042017CE2D230070C096 /* CoreLocation.framework */,
				774E03FD17CE10E40070C096 /* UIKit.framework */,
				774E03FF17CE10E40070C096 /* Foundation.framework */,
				774E040117CE10E40070C096 /* CoreGraphics.framework */,
			);
			name = Frameworks;
			sourceTree = "<group>";
		};
		774E040317CE10E40070C096 /* Network1 */ = {
			isa = PBXGroup;
			children = (
				774E040C17CE10E40070C096 /* AppDelegate.h */,
				774E040D17CE10E40070C096 /* AppDelegate.m */,
				774E041517CE10E40070C096 /* MainStoryboard.storyboard */,
				774E041817CE10E40070C096 /* ViewController.h */,
				774E041917CE10E40070C096 /* ViewController.m */,
				779090E017CFE23100F29C50 /* XMLElement.h */,
				779090E117CFE23100F29C50 /* XMLElement.m */,
				77796CA317DCA0F0007A1D6B /* forecastClass.h */,
				77796CA417DCA0F0007A1D6B /* forecastClass.m */,
				774E040417CE10E40070C096 /* Supporting Files */,
			);
			path = Network1;
			sourceTree = "<group>";
		};
		774E040417CE10E40070C096 /* Supporting Files */ = {
			isa = PBXGroup;
			children = (
				77796CA617DCC257007A1D6B /* resources */,
				774E040517CE10E40070C096 /* Network1-Info.plist */,
				774E040617CE10E40070C096 /* InfoPlist.strings */,
				774E040917CE10E40070C096 /* main.m */,
				774E040B17CE10E40070C096 /* Network1-Prefix.pch */,
				774E040F17CE10E40070C096 /* Default.png */,
				774E041117CE10E40070C096 /* Default@2x.png */,
				774E041317CE10E40070C096 /* Default-568h@2x.png */,
			);
			name = "Supporting Files";
			sourceTree = "<group>";
		};
		77796CA617DCC257007A1D6B /* resources */ = {
			isa = PBXGroup;
			children = (
				77796CAB17DCC295007A1D6B /* __2_cloudy.gif */,
				77796CAC17DCC295007A1D6B /* __5_rain.gif */,
				77796CAD17DCC295007A1D6B /* __4_short_rain.gif */,
				77796CB117DCC295007A1D6B /* __7_hail.gif */,
				77796CB717DCC295007A1D6B /* __1_moon_cl.gif */,
				77796CB817DCC295007A1D6B /* __1_sun_cl.gif */,
				77796CB917DCC295007A1D6B /* __0_moon.gif */,
				77796CBA17DCC295007A1D6B /* __255_NA.gif */,
				77796CC117DCC295007A1D6B /* __8_rain_swon.gif */,
				77796CC617DCC295007A1D6B /* __9_snow.gif */,
				77796CC717DCC295007A1D6B /* __10_heavy_snow.gif */,
				77796CC817DCC295007A1D6B /* __0_sun.gif */,
				77796CC917DCC295007A1D6B /* __6_lightning.gif */,
			);
			path = resources;
			sourceTree = "<group>";
		};
/* End PBXGroup section */

/* Begin PBXNativeTarget section */
		774E03F917CE10E40070C096 /* Network1 */ = {
			isa = PBXNativeTarget;
			buildConfigurationList = 774E041D17CE10E40070C096 /* Build configuration list for PBXNativeTarget "Network1" */;
			buildPhases = (
				774E03F617CE10E40070C096 /* Sources */,
				774E03F717CE10E40070C096 /* Frameworks */,
				774E03F817CE10E40070C096 /* Resources */,
			);
			buildRules = (
			);
			dependencies = (
			);
			name = Network1;
			productName = Network1;
			productReference = 774E03FA17CE10E40070C096 /* Network1.app */;
			productType = "com.apple.product-type.application";
		};
/* End PBXNativeTarget section */

/* Begin PBXProject section */
		774E03F217CE10E40070C096 /* Project object */ = {
			isa = PBXProject;
			attributes = {
				LastUpgradeCheck = 0460;
				ORGANIZATIONNAME = "Dmitriy Remezov";
			};
			buildConfigurationList = 774E03F517CE10E40070C096 /* Build configuration list for PBXProject "Network1" */;
			compatibilityVersion = "Xcode 3.2";
			developmentRegion = English;
			hasScannedForEncodings = 0;
			knownRegions = (
				en,
			);
			mainGroup = 774E03F117CE10E40070C096;
			productRefGroup = 774E03FB17CE10E40070C096 /* Products */;
			projectDirPath = "";
			projectRoot = "";
			targets = (
				774E03F917CE10E40070C096 /* Network1 */,
			);
		};
/* End PBXProject section */

/* Begin PBXResourcesBuildPhase section */
		774E03F817CE10E40070C096 /* Resources */ = {
			isa = PBXResourcesBuildPhase;
			buildActionMask = 2147483647;
			files = (
				774E040817CE10E40070C096 /* InfoPlist.strings in Resources */,
				774E041017CE10E40070C096 /* Default.png in Resources */,
				774E041217CE10E40070C096 /* Default@2x.png in Resources */,
				774E041417CE10E40070C096 /* Default-568h@2x.png in Resources */,
				774E041717CE10E40070C096 /* MainStoryboard.storyboard in Resources */,
				77796CD217DCC295007A1D6B /* __2_cloudy.gif in Resources */,
				77796CD317DCC295007A1D6B /* __5_rain.gif in Resources */,
				77796CD417DCC295007A1D6B /* __4_short_rain.gif in Resources */,
				77796CD817DCC295007A1D6B /* __7_hail.gif in Resources */,
				77796CDE17DCC295007A1D6B /* __1_moon_cl.gif in Resources */,
				77796CDF17DCC295007A1D6B /* __1_sun_cl.gif in Resources */,
				77796CE017DCC295007A1D6B /* __0_moon.gif in Resources */,
				77796CE117DCC295007A1D6B /* __255_NA.gif in Resources */,
				77796CE817DCC295007A1D6B /* __8_rain_swon.gif in Resources */,
				77796CED17DCC295007A1D6B /* __9_snow.gif in Resources */,
				77796CEE17DCC295007A1D6B /* __10_heavy_snow.gif in Resources */,
				77796CEF17DCC295007A1D6B /* __0_sun.gif in Resources */,
				77796CF017DCC295007A1D6B /* __6_lightning.gif in Resources */,
			);
			runOnlyForDeploymentPostprocessing = 0;
		};
/* End PBXResourcesBuildPhase section */

/* Begin PBXSourcesBuildPhase section */
		774E03F617CE10E40070C096 /* Sources */ = {
			isa = PBXSourcesBuildPhase;
			buildActionMask = 2147483647;
			files = (
				774E040A17CE10E40070C096 /* main.m in Sources */,
				774E040E17CE10E40070C096 /* AppDelegate.m in Sources */,
				774E041A17CE10E40070C096 /* ViewController.m in Sources */,
				779090E217CFE23100F29C50 /* XMLElement.m in Sources */,
				77796CA517DCA0F0007A1D6B /* forecastClass.m in Sources */,
			);
			runOnlyForDeploymentPostprocessing = 0;
		};
/* End PBXSourcesBuildPhase section */

/* Begin PBXVariantGroup section */
		774E040617CE10E40070C096 /* InfoPlist.strings */ = {
			isa = PBXVariantGroup;
			children = (
				774E040717CE10E40070C096 /* en */,
			);
			name = InfoPlist.strings;
			sourceTree = "<group>";
		};
		774E041517CE10E40070C096 /* MainStoryboard.storyboard */ = {
			isa = PBXVariantGroup;
			children = (
				774E041617CE10E40070C096 /* en */,
			);
			name = MainStoryboard.storyboard;
			sourceTree = "<group>";
		};
/* End PBXVariantGroup section */

/* Begin XCBuildConfiguration section */
		774E041B17CE10E40070C096 /* Debug */ = {
			isa = XCBuildConfiguration;
			buildSettings = {
				ALWAYS_SEARCH_USER_PATHS = NO;
				CLANG_CXX_LANGUAGE_STANDARD = "gnu++0x";
				CLANG_CXX_LIBRARY = "libc++";
				CLANG_ENABLE_OBJC_ARC = YES;
				CLANG_WARN_CONSTANT_CONVERSION = YES;
				CLANG_WARN_EMPTY_BODY = YES;
				CLANG_WARN_ENUM_CONVERSION = YES;
				CLANG_WARN_INT_CONVERSION = YES;
				CLANG_WARN__DUPLICATE_METHOD_MATCH = YES;
				"CODE_SIGN_IDENTITY[sdk=iphoneos*]" = "iPhone Developer";
				COPY_PHASE_STRIP = NO;
				GCC_C_LANGUAGE_STANDARD = gnu99;
				GCC_DYNAMIC_NO_PIC = NO;
				GCC_OPTIMIZATION_LEVEL = 0;
				GCC_PREPROCESSOR_DEFINITIONS = (
					"DEBUG=1",
					"$(inherited)",
				);
				GCC_SYMBOLS_PRIVATE_EXTERN = NO;
				GCC_WARN_ABOUT_RETURN_TYPE = YES;
				GCC_WARN_UNINITIALIZED_AUTOS = YES;
				GCC_WARN_UNUSED_VARIABLE = YES;
				IPHONEOS_DEPLOYMENT_TARGET = 6.1;
				ONLY_ACTIVE_ARCH = YES;
				SDKROOT = iphoneos;
				TARGETED_DEVICE_FAMILY = 2;
			};
			name = Debug;
		};
		774E041C17CE10E40070C096 /* Release */ = {
			isa = XCBuildConfiguration;
			buildSettings = {
				ALWAYS_SEARCH_USER_PATHS = NO;
				CLANG_CXX_LANGUAGE_STANDARD = "gnu++0x";
				CLANG_CXX_LIBRARY = "libc++";
				CLANG_ENABLE_OBJC_ARC = YES;
				CLANG_WARN_CONSTANT_CONVERSION = YES;
				CLANG_WARN_EMPTY_BODY = YES;
				CLANG_WARN_ENUM_CONVERSION = YES;
				CLANG_WARN_INT_CONVERSION = YES;
				CLANG_WARN__DUPLICATE_METHOD_MATCH = YES;
				"CODE_SIGN_IDENTITY[sdk=iphoneos*]" = "iPhone Developer";
				COPY_PHASE_STRIP = YES;
				GCC_C_LANGUAGE_STANDARD = gnu99;
				GCC_WARN_ABOUT_RETURN_TYPE = YES;
				GCC_WARN_UNINITIALIZED_AUTOS = YES;
				GCC_WARN_UNUSED_VARIABLE = YES;
				IPHONEOS_DEPLOYMENT_TARGET = 6.1;
				OTHER_CFLAGS = "-DNS_BLOCK_ASSERTIONS=1";
				SDKROOT = iphoneos;
				TARGETED_DEVICE_FAMILY = 2;
				VALIDATE_PRODUCT = YES;
			};
			name = Release;
		};
		774E041E17CE10E40070C096 /* Debug */ = {
			isa = XCBuildConfiguration;
			buildSettings = {
				GCC_PRECOMPILE_PREFIX_HEADER = YES;
				GCC_PREFIX_HEADER = "Network1/Network1-Prefix.pch";
				INFOPLIST_FILE = "Network1/Network1-Info.plist";
				PRODUCT_NAME = "$(TARGET_NAME)";
				WRAPPER_EXTENSION = app;
			};
			name = Debug;
		};
		774E041F17CE10E40070C096 /* Release */ = {
			isa = XCBuildConfiguration;
			buildSettings = {
				GCC_PRECOMPILE_PREFIX_HEADER = YES;
				GCC_PREFIX_HEADER = "Network1/Network1-Prefix.pch";
				INFOPLIST_FILE = "Network1/Network1-Info.plist";
				PRODUCT_NAME = "$(TARGET_NAME)";
				WRAPPER_EXTENSION = app;
			};
			name = Release;
		};
/* End XCBuildConfiguration section */

/* Begin XCConfigurationList section */
		774E03F517CE10E40070C096 /* Build configuration list for PBXProject "Network1" */ = {
			isa = XCConfigurationList;
			buildConfigurations = (
				774E041B17CE10E40070C096 /* Debug */,
				774E041C17CE10E40070C096 /* Release */,
			);
			defaultConfigurationIsVisible = 0;
			defaultConfigurationName = Release;
		};
		774E041D17CE10E40070C096 /* Build configuration list for PBXNativeTarget "Network1" */ = {
			isa = XCConfigurationList;
			buildConfigurations = (
				774E041E17CE10E40070C096 /* Debug */,
				774E041F17CE10E40070C096 /* Release */,
			);
			defaultConfigurationIsVisible = 0;
			defaultConfigurationName = Release;
		};
/* End XCConfigurationList section */
	};
	rootObject = 774E03F217CE10E40070C096 /* Project object */;
}
